
Microsoft Visual Studio Solution File, Format Version 12.00
# Visual Studio Version 17
VisualStudioVersion = 17.13.35931.197 d17.13
MinimumVisualStudioVersion = 10.0.40219.1
Project("{FAE04EC0-301F-11D3-BF4B-00C04F79EFBC}") = "Ordering.backend", "Ordering.backend.csproj", "{DF781AF3-19B7-4F1C-92B8-6D2BBD634776}"
EndProject
Project("{FAE04EC0-301F-11D3-BF4B-00C04F79EFBC}") = "Ordering.Shared", "..\Ordering.Shared\Ordering.Shared.csproj", "{796AB45D-9905-4F40-B3DB-187B7081E232}"
EndProject
Global
	GlobalSection(SolutionConfigurationPlatforms) = preSolution
		Debug|Any CPU = Debug|Any CPU
		Release|Any CPU = Release|Any CPU
	EndGlobalSection
	GlobalSection(ProjectConfigurationPlatforms) = postSolution
		{DF781AF3-19B7-4F1C-92B8-6D2BBD634776}.Debug|Any CPU.ActiveCfg = Debug|Any CPU
		{DF781AF3-19B7-4F1C-92B8-6D2BBD634776}.Debug|Any CPU.Build.0 = Debug|Any CPU
		{DF781AF3-19B7-4F1C-92B8-6D2BBD634776}.Release|Any CPU.ActiveCfg = Release|Any CPU
		{DF781AF3-19B7-4F1C-92B8-6D2BBD634776}.Release|Any CPU.Build.0 = Release|Any CPU
		{796AB45D-9905-4F40-B3DB-187B7081E232}.Debug|Any CPU.ActiveCfg = Debug|Any CPU
		{796AB45D-9905-4F40-B3DB-187B7081E232}.Debug|Any CPU.Build.0 = Debug|Any CPU
		{796AB45D-9905-4F40-B3DB-187B7081E232}.Release|Any CPU.ActiveCfg = Release|Any CPU
		{796AB45D-9905-4F40-B3DB-187B7081E232}.Release|Any CPU.Build.0 = Release|Any CPU
	EndGlobalSection
	GlobalSection(SolutionProperties) = preSolution
		HideSolutionNode = FALSE
	EndGlobalSection
	GlobalSection(ExtensibilityGlobals) = postSolution
		SolutionGuid = {5FAD3D76-06F7-42BD-8DA9-0A373FA78223}
	EndGlobalSection
EndGlobal
